
Microsoft Visual Studio Solution File, Format Version 12.00
# Visual Studio Version 17
VisualStudioVersion = 17.8.34330.188
MinimumVisualStudioVersion = 10.0.40219.1
Project("{FAE04EC0-301F-11D3-BF4B-00C04F79EFBC}") = "DSA_Practise", "DSA_Practise\DSA_Practise.csproj", "{1B956160-66AD-405E-99A5-EC8830CD25EF}"
EndProject
Global
	GlobalSection(SolutionConfigurationPlatforms) = preSolution
		Debug|Any CPU = Debug|Any CPU
		Release|Any CPU = Release|Any CPU
	EndGlobalSection
	GlobalSection(ProjectConfigurationPlatforms) = postSolution
		{1B956160-66AD-405E-99A5-EC8830CD25EF}.Debug|Any CPU.ActiveCfg = Debug|Any CPU
		{1B956160-66AD-405E-99A5-EC8830CD25EF}.Debug|Any CPU.Build.0 = Debug|Any CPU
		{1B956160-66AD-405E-99A5-EC8830CD25EF}.Release|Any CPU.ActiveCfg = Release|Any CPU
		{1B956160-66AD-405E-99A5-EC8830CD25EF}.Release|Any CPU.Build.0 = Release|Any CPU
	EndGlobalSection
	GlobalSection(SolutionProperties) = preSolution
		HideSolutionNode = FALSE
	EndGlobalSection
	GlobalSection(ExtensibilityGlobals) = postSolution
		SolutionGuid = {D2DB863F-AE35-4332-8BCC-48AD89FB627E}
	EndGlobalSection
EndGlobal
